Microsoft Visual Studio Solution File, Format Version 12.00
# Visual Studio Version 17
VisualStudioVersion = 17.5.2.0
MinimumVisualStudioVersion = 10.0.40219.1
Project("{FAE04EC0-301F-11D3-BF4B-00C04F79EFBC}") = "console-base64", "console-base64.csproj", "{DCAFB5DB-4A04-5424-6DFA-7FDF08537714}"
EndProject
Global
	GlobalSection(SolutionConfigurationPlatforms) = preSolution
		Debug|Any CPU = Debug|Any CPU
		Release|Any CPU = Release|Any CPU
	EndGlobalSection
	GlobalSection(ProjectConfigurationPlatforms) = postSolution
		{DCAFB5DB-4A04-5424-6DFA-7FDF08537714}.Debug|Any CPU.ActiveCfg = Debug|Any CPU
		{DCAFB5DB-4A04-5424-6DFA-7FDF08537714}.Debug|Any CPU.Build.0 = Debug|Any CPU
		{DCAFB5DB-4A04-5424-6DFA-7FDF08537714}.Release|Any CPU.ActiveCfg = Release|Any CPU
		{DCAFB5DB-4A04-5424-6DFA-7FDF08537714}.Release|Any CPU.Build.0 = Release|Any CPU
	EndGlobalSection
	GlobalSection(SolutionProperties) = preSolution
		HideSolutionNode = FALSE
	EndGlobalSection
	GlobalSection(ExtensibilityGlobals) = postSolution
		SolutionGuid = {CBDE94CD-A95A-4FB8-A36A-41A47494B740}
	EndGlobalSection
EndGlobal
